%{
  "complex": {:hex, :complex, "0.4.2", "923e5db0be13dbb3ea00cf8459d9f75f3afdd9ff5a82742ded21064330d28273", [:mix], [], "hexpm", "069a085ef820ce675a2619fd125b963ff4514af2102c7f7d7965128e5ec0a429"},
  "math": {:hex, :math, "0.7.0", "12af548c3892abf939a2e242216c3e7cbfb65b9b2fe0d872d05c6fb609f8127b", [:mix], [], "hexpm", "7987af97a0c6b58ad9db43eb5252a49fc1dfe1f6d98f17da9282e297f594ebc2"},
}
